<?xml version="1.0" encoding="utf-8"?>
<Project ToolsVersion="4.0" xmlns="http://schemas.microsoft.com/developer/msbuild/2003">
  <ItemGroup>
    <Filter Include="src">
      <UniqueIdentifier>{3583a5f6-9733-4a0c-9019-f0da06fa5005}</UniqueIdentifier>
    </Filter>
    <Filter Include="src\common">
      <UniqueIdentifier>{f4c89d9d-7230-52e4-acc9-562c6261898e}</UniqueIdentifier>
    </Filter>
    <Filter Include="src\race">
      <UniqueIdentifier>{cc357757-86c4-54fa-a372-bee8bd13e38b}</UniqueIdentifier>
    </Filter>
    <Filter Include="deps\minizip">
      <UniqueIdentifier>{f4f39ce9-7fd0-41df-b833-c69714662f6f}</UniqueIdentifier>
    </Filter>
    <Filter Include="deps\argon2">
      <UniqueIdentifier>{6ab7991a-ddd2-430c-962f-a0c19d291c5b}</UniqueIdentifier>
    </Filter>
    <Filter Include="deps\argon2\include">
      <UniqueIdentifier>{e35f986b-073d-4a18-a891-31c65fe01acc}</UniqueIdentifier>
    </Filter>
    <Filter Include="deps\argon2\src">
      <UniqueIdentifier>{3ab05fc9-3709-4e51-b0af-ff545c27a366}</UniqueIdentifier>
    </Filter>
    <Filter Include="deps\argon2\src\blake2">
      <UniqueIdentifier>{a341bddb-a8bd-4175-b6cc-c7ebd70fc580}</UniqueIdentifier>
    </Filter>
  </ItemGroup>
  <ItemGroup>
    <None Include="game.def" />
    <None Include="..\deps\argon2\LICENSE">
      <Filter>deps\argon2</Filter>
    </None>
    <None Include="..\deps\argon2\UPSTREAM.md">
      <Filter>deps\argon2</Filter>
    </None>
  </ItemGroup>
  <ItemGroup>
    <ClInclude Include="..\deps\argon2\include\argon2.h">
      <Filter>deps\argon2\include</Filter>
    </ClInclude>
    <ClInclude Include="..\deps\argon2\src\blake2\blake2-impl.h">
      <Filter>deps\argon2\src\blake2</Filter>
    </ClInclude>
    <ClInclude Include="..\deps\argon2\src\blake2\blake2.h">
      <Filter>deps\argon2\src\blake2</Filter>
    </ClInclude>
    <ClInclude Include="..\deps\argon2\src\blake2\blamka-round-ref.h">
      <Filter>deps\argon2\src\blake2</Filter>
    </ClInclude>
    <ClInclude Include="..\deps\argon2\src\core.h">
      <Filter>deps\argon2\src</Filter>
    </ClInclude>
    <ClInclude Include="..\deps\argon2\src\encoding.h">
      <Filter>deps\argon2\src</Filter>
    </ClInclude>
    <ClInclude Include="..\deps\argon2\src\thread.h">
      <Filter>deps\argon2\src</Filter>
    </ClInclude>
    <ClInclude Include="..\deps\minizip\miniz.h">
      <Filter>deps\minizip</Filter>
    </ClInclude>
    <ClInclude Include="..\src\game\game.h">
      <Filter>src</Filter>
    </ClInclude>
    <ClInclude Include="..\src\game\race\bg_item.h">
      <Filter>src\race</Filter>
    </ClInclude>
    <ClInclude Include="..\src\game\common\g_client.h">
      <Filter>src\common</Filter>
    </ClInclude>
    <ClInclude Include="..\src\game\common\g_client_stats.h">
      <Filter>src\common</Filter>
    </ClInclude>
    <ClInclude Include="..\src\game\common\g_cmd.h">
      <Filter>src\common</Filter>
    </ClInclude>
    <ClInclude Include="..\src\game\common\g_entity.h">
      <Filter>src\common</Filter>
    </ClInclude>
    <ClInclude Include="..\src\game\common\g_item.h">
      <Filter>src\common</Filter>
    </ClInclude>
    <ClInclude Include="..\src\game\common\g_local.h">
      <Filter>src\common</Filter>
    </ClInclude>
    <ClInclude Include="..\src\game\common\g_hook.h">
      <Filter>src\common</Filter>
    </ClInclude>
    <ClInclude Include="..\src\game\common\bg_hook.h">
      <Filter>src\common</Filter>
    </ClInclude>
    <ClInclude Include="..\src\game\common\g_main.h">
      <Filter>src\common</Filter>
    </ClInclude>
    <ClInclude Include="..\src\game\race\g_types.h">
      <Filter>src\race</Filter>
    </ClInclude>
    <ClInclude Include="..\src\game\race\race_clip.h">
      <Filter>src\race</Filter>
    </ClInclude>
    <ClInclude Include="..\src\game\race\race_kick_broker.h">
      <Filter>src\race</Filter>
    </ClInclude>
    <ClInclude Include="..\src\game\race\race_module_compat.h">
      <Filter>src\race</Filter>
    </ClInclude>
    <ClInclude Include="..\src\game\race\race_projectile_compat.h">
      <Filter>src\race</Filter>
    </ClInclude>
    <ClInclude Include="..\src\game\race\race.h">
      <Filter>src\race</Filter>
    </ClInclude>
    <ClInclude Include="..\src\game\race\race_actions.h">
      <Filter>src\race</Filter>
    </ClInclude>
    <ClInclude Include="..\src\game\race\race_admin.h">
      <Filter>src\race</Filter>
    </ClInclude>
    <ClInclude Include="..\src\game\race\race_admin_admission.h">
      <Filter>src\race</Filter>
    </ClInclude>
    <ClInclude Include="..\src\game\race\race_admin_allowlist.h">
      <Filter>src\race</Filter>
    </ClInclude>
    <ClInclude Include="..\src\game\race\race_admin_actions.h">
      <Filter>src\race</Filter>
    </ClInclude>
    <ClInclude Include="..\src\game\race\race_admin_auth.h">
      <Filter>src\race</Filter>
    </ClInclude>
    <ClInclude Include="..\src\game\race\race_admin_password.h">
      <Filter>src\race</Filter>
    </ClInclude>
    <ClInclude Include="..\src\game\race\race_admin_service.h">
      <Filter>src\race</Filter>
    </ClInclude>
    <ClInclude Include="..\src\game\race\race_admin_store.h">
      <Filter>src\race</Filter>
    </ClInclude>
    <ClInclude Include="..\src\game\race\race_admin_types.h">
      <Filter>src\race</Filter>
    </ClInclude>
    <ClInclude Include="..\src\game\race\race_cmds.h">
      <Filter>src\race</Filter>
    </ClInclude>
    <ClInclude Include="..\src\game\race\race_finish_report.h">
      <Filter>src\race</Filter>
    </ClInclude>
    <ClInclude Include="..\src\game\race\race_leaderboard.h">
      <Filter>src\race</Filter>
    </ClInclude>
    <ClInclude Include="..\src\game\race\race_leaderboard_wire.h">
      <Filter>src\race</Filter>
    </ClInclude>
    <ClInclude Include="..\src\game\race\race_logic.h">
      <Filter>src\race</Filter>
    </ClInclude>
    <ClInclude Include="..\src\game\race\race_map_browser_service.h">
      <Filter>src\race</Filter>
    </ClInclude>
    <ClInclude Include="..\src\game\race\race_map_browser_wire.h">
      <Filter>src\race</Filter>
    </ClInclude>
    <ClInclude Include="..\src\game\race\race_map_catalog.h">
      <Filter>src\race</Filter>
    </ClInclude>
    <ClInclude Include="..\src\game\race\race_map_properties.h">
      <Filter>src\race</Filter>
    </ClInclude>
    <ClInclude Include="..\src\game\race\race_map_state.h">
      <Filter>src\race</Filter>
    </ClInclude>
    <ClInclude Include="..\src\game\race\race_map_state_service.h">
      <Filter>src\race</Filter>
    </ClInclude>
    <ClInclude Include="..\src\game\race\race_map_state_store.h">
      <Filter>src\race</Filter>
    </ClInclude>
    <ClInclude Include="..\src\game\race\race_modes.h">
      <Filter>src\race</Filter>
    </ClInclude>
    <ClInclude Include="..\src\game\race\race_persistence.h">
      <Filter>src\race</Filter>
    </ClInclude>
    <ClInclude Include="..\src\game\race\race_physics.h">
      <Filter>src\race</Filter>
    </ClInclude>
    <ClInclude Include="..\src\game\race\race_hook.h">
      <Filter>src\race</Filter>
    </ClInclude>
    <ClInclude Include="..\src\game\race\race_physics_service.h">
      <Filter>src\race</Filter>
    </ClInclude>
    <ClInclude Include="..\src\game\race\race_pmove_policy.h">
      <Filter>src\race</Filter>
    </ClInclude>
    <ClInclude Include="..\src\game\race\race_weapon_movement.h">
      <Filter>src\race</Filter>
    </ClInclude>
    <ClInclude Include="..\src\game\race\race_weapon_tuning_types.h">
      <Filter>src\race</Filter>
    </ClInclude>
    <ClInclude Include="..\src\game\race\race_weapon_tuning.h">
      <Filter>src\race</Filter>
    </ClInclude>
    <ClInclude Include="..\src\game\race\race_weapon_tuning_service.h">
      <Filter>src\race</Filter>
    </ClInclude>
    <ClInclude Include="..\src\game\race\race_weapon_tuning_wire.h">
      <Filter>src\race</Filter>
    </ClInclude>
    <ClInclude Include="..\src\game\race\race_publication.h">
      <Filter>src\race</Filter>
    </ClInclude>
    <ClInclude Include="..\src\game\race\race_profile.h">
      <Filter>src\race</Filter>
    </ClInclude>
    <ClInclude Include="..\src\game\race\race_profiles.h">
      <Filter>src\race</Filter>
    </ClInclude>
    <ClInclude Include="..\src\game\race\race_profile_auth.h">
      <Filter>src\race</Filter>
    </ClInclude>
    <ClInclude Include="..\src\game\race\race_connection_address.h">
      <Filter>src\race</Filter>
    </ClInclude>
    <ClInclude Include="..\src\game\race\race_replay_format.h">
      <Filter>src\race</Filter>
    </ClInclude>
    <ClInclude Include="..\src\game\race\race_replay_playback.h">
      <Filter>src\race</Filter>
    </ClInclude>
    <ClInclude Include="..\src\game\race\race_replay_playback_service.h">
      <Filter>src\race</Filter>
    </ClInclude>
    <ClInclude Include="..\src\game\race\race_replay_record.h">
      <Filter>src\race</Filter>
    </ClInclude>
    <ClInclude Include="..\src\game\race\race_replay_service.h">
      <Filter>src\race</Filter>
    </ClInclude>
    <ClInclude Include="..\src\game\race\race_replay_store.h">
      <Filter>src\race</Filter>
    </ClInclude>
    <ClInclude Include="..\src\game\race\race_replay_transport.h">
      <Filter>src\race</Filter>
    </ClInclude>
    <ClInclude Include="..\src\game\race\race_settings.h">
      <Filter>src\race</Filter>
    </ClInclude>
    <ClInclude Include="..\src\game\race\race_settings_service.h">
      <Filter>src\race</Filter>
    </ClInclude>
    <ClInclude Include="..\src\game\race\race_settings_store.h">
      <Filter>src\race</Filter>
    </ClInclude>
    <ClInclude Include="..\src\game\race\race_settings_wire.h">
      <Filter>src\race</Filter>
    </ClInclude>
    <ClInclude Include="..\src\game\race\race_trigger.h">
      <Filter>src\race</Filter>
    </ClInclude>
    <ClInclude Include="..\src\game\race\race_training.h">
      <Filter>src\race</Filter>
    </ClInclude>
    <ClInclude Include="..\src\game\race\race_training_service.h">
      <Filter>src\race</Filter>
    </ClInclude>
    <ClInclude Include="..\src\game\race\race_types.h">
      <Filter>src\race</Filter>
    </ClInclude>
    <ClInclude Include="..\src\game\race\race_wire.h">
      <Filter>src\race</Filter>
    </ClInclude>
    <ClInclude Include="..\src\game\race\race_vote.h">
      <Filter>src\race</Filter>
    </ClInclude>
    <ClInclude Include="..\src\game\race\race_vote_admission.h">
      <Filter>src\race</Filter>
    </ClInclude>
    <ClInclude Include="..\src\game\race\race_vote_menu.h">
      <Filter>src\race</Filter>
    </ClInclude>
    <ClInclude Include="..\src\game\race\race_vote_menu_service.h">
      <Filter>src\race</Filter>
    </ClInclude>
    <ClInclude Include="..\src\game\race\race_vote_service.h">
      <Filter>src\race</Filter>
    </ClInclude>
    <ClInclude Include="..\src\game\common\g_weapon.h">
      <Filter>src\common</Filter>
    </ClInclude>
    <ClInclude Include="..\src\game\common\bg_pmove.h">
      <Filter>src\common</Filter>
    </ClInclude>
    <ClInclude Include="..\src\game\common\g_ai_goal.h">
      <Filter>src\common</Filter>
    </ClInclude>
    <ClInclude Include="..\src\game\common\g_ai_grid.h">
      <Filter>src\common</Filter>
    </ClInclude>
    <ClInclude Include="..\src\game\common\g_ai_info.h">
      <Filter>src\common</Filter>
    </ClInclude>
    <ClInclude Include="..\src\game\common\g_ai_item.h">
      <Filter>src\common</Filter>
    </ClInclude>
    <ClInclude Include="..\src\game\common\g_ai_main.h">
      <Filter>src\common</Filter>
    </ClInclude>
    <ClInclude Include="..\src\game\common\g_ai_node.h">
      <Filter>src\common</Filter>
    </ClInclude>
    <ClInclude Include="..\src\game\common\g_ai_types.h">
      <Filter>src\common</Filter>
    </ClInclude>
    <ClInclude Include="..\src\game\common\g_ballistics.h">
      <Filter>src\common</Filter>
    </ClInclude>
    <ClInclude Include="..\src\game\common\g_client_chase.h">
      <Filter>src\common</Filter>
    </ClInclude>
    <ClInclude Include="..\src\game\common\g_client_view.h">
      <Filter>src\common</Filter>
    </ClInclude>
    <ClInclude Include="..\src\game\common\g_effect.h">
      <Filter>src\common</Filter>
    </ClInclude>
    <ClInclude Include="..\src\game\common\g_entity_func.h">
      <Filter>src\common</Filter>
    </ClInclude>
    <ClInclude Include="..\src\game\common\g_entity_info.h">
      <Filter>src\common</Filter>
    </ClInclude>
    <ClInclude Include="..\src\game\common\g_entity_misc.h">
      <Filter>src\common</Filter>
    </ClInclude>
    <ClInclude Include="..\src\game\common\g_entity_target.h">
      <Filter>src\common</Filter>
    </ClInclude>
    <ClInclude Include="..\src\game\common\g_entity_trigger.h">
      <Filter>src\common</Filter>
    </ClInclude>
    <ClInclude Include="..\src\game\common\g_module.h">
      <Filter>src\common</Filter>
    </ClInclude>
    <ClInclude Include="..\src\game\common\g_physics.h">
      <Filter>src\common</Filter>
    </ClInclude>
    <ClInclude Include="..\src\game\common\g_sound.h">
      <Filter>src\common</Filter>
    </ClInclude>
    <ClInclude Include="..\src\game\common\g_util.h">
      <Filter>src\common</Filter>
    </ClInclude>
  </ItemGroup>
  <ItemGroup>
    <ClCompile Include="..\deps\argon2\src\argon2.c">
      <Filter>deps\argon2\src</Filter>
    </ClCompile>
    <ClCompile Include="..\deps\argon2\src\blake2\blake2b.c">
      <Filter>deps\argon2\src\blake2</Filter>
    </ClCompile>
    <ClCompile Include="..\deps\argon2\src\core.c">
      <Filter>deps\argon2\src</Filter>
    </ClCompile>
    <ClCompile Include="..\deps\argon2\src\encoding.c">
      <Filter>deps\argon2\src</Filter>
    </ClCompile>
    <ClCompile Include="..\deps\argon2\src\ref.c">
      <Filter>deps\argon2\src</Filter>
    </ClCompile>
    <ClCompile Include="..\deps\minizip\miniz.c">
      <Filter>deps\minizip</Filter>
    </ClCompile>
    <ClCompile Include="..\src\game\race\g_client.c">
      <Filter>src\race</Filter>
    </ClCompile>
    <ClCompile Include="..\src\game\race\g_entity.c">
      <Filter>src\race</Filter>
    </ClCompile>
    <ClCompile Include="..\src\game\race\g_client_stats.c">
      <Filter>src\race</Filter>
    </ClCompile>
    <ClCompile Include="..\src\game\race\g_cmd.c">
      <Filter>src\race</Filter>
    </ClCompile>
    <ClCompile Include="..\src\game\common\g_item.c">
      <Filter>src\common</Filter>
    </ClCompile>
    <ClCompile Include="..\src\game\race\g_main.c">
      <Filter>src\race</Filter>
    </ClCompile>
    <ClCompile Include="..\src\game\common\g_weapon.c">
      <Filter>src\common</Filter>
    </ClCompile>
    <ClCompile Include="..\src\game\common\g_ai_goal.c">
      <Filter>src\common</Filter>
    </ClCompile>
    <ClCompile Include="..\src\game\common\g_ai_grid.c">
      <Filter>src\common</Filter>
    </ClCompile>
    <ClCompile Include="..\src\game\common\g_ai_info.c">
      <Filter>src\common</Filter>
    </ClCompile>
    <ClCompile Include="..\src\game\common\g_ai_item.c">
      <Filter>src\common</Filter>
    </ClCompile>
    <ClCompile Include="..\src\game\race\g_ai_main.c">
      <Filter>src\race</Filter>
    </ClCompile>
    <ClCompile Include="..\src\game\race\g_ai_node.c">
      <Filter>src\race</Filter>
    </ClCompile>
    <ClCompile Include="..\src\game\race\g_ballistics.c">
      <Filter>src\race</Filter>
    </ClCompile>
    <ClCompile Include="..\src\game\race\race_projectile_observer.c">
      <Filter>src\race</Filter>
    </ClCompile>
    <ClCompile Include="..\src\game\common\g_client_chase.c">
      <Filter>src\common</Filter>
    </ClCompile>
    <ClCompile Include="..\src\game\race\g_client_view.c">
      <Filter>src\race</Filter>
    </ClCompile>
    <ClCompile Include="..\src\game\race\g_combat.c">
      <Filter>src\race</Filter>
    </ClCompile>
    <ClInclude Include="..\src\game\common\g_combat.h">
      <Filter>src\common</Filter>
    </ClInclude>
    <ClCompile Include="..\src\game\common\g_effect.c">
      <Filter>src\common</Filter>
    </ClCompile>
    <ClCompile Include="..\src\game\common\g_entity_func.c">
      <Filter>src\common</Filter>
    </ClCompile>
    <ClCompile Include="..\src\game\common\g_entity_info.c">
      <Filter>src\common</Filter>
    </ClCompile>
    <ClCompile Include="..\src\game\common\g_entity_misc.c">
      <Filter>src\common</Filter>
    </ClCompile>
    <ClCompile Include="..\src\game\common\g_entity_target.c">
      <Filter>src\common</Filter>
    </ClCompile>
    <ClCompile Include="..\src\game\common\g_entity_trigger.c">
      <Filter>src\common</Filter>
    </ClCompile>
    <ClCompile Include="..\src\game\race\g_hook.c">
      <Filter>src\race</Filter>
    </ClCompile>
    <ClCompile Include="..\src\game\common\g_rules.c">
      <Filter>src\common</Filter>
    </ClCompile>
    <ClCompile Include="..\src\game\common\g_physics.c">
      <Filter>src\common</Filter>
    </ClCompile>
    <ClCompile Include="..\src\game\common\g_sound.c">
      <Filter>src\common</Filter>
    </ClCompile>
    <ClCompile Include="..\src\game\common\g_util.c">
      <Filter>src\common</Filter>
    </ClCompile>
    <ClCompile Include="..\src\game\race\bg_pmove.c">
      <Filter>src\race</Filter>
    </ClCompile>
    <ClCompile Include="..\src\game\race\bg_item.c">
      <Filter>src\race</Filter>
    </ClCompile>
    <ClCompile Include="..\src\game\race\g_module.c">
      <Filter>src\race</Filter>
    </ClCompile>
    <ClCompile Include="..\src\game\race\race_clip.c">
      <Filter>src\race</Filter>
    </ClCompile>
    <ClCompile Include="..\src\game\race\race_kick_broker.c">
      <Filter>src\race</Filter>
    </ClCompile>
    <ClCompile Include="..\src\game\race\race.c">
      <Filter>src\race</Filter>
    </ClCompile>
    <ClCompile Include="..\src\game\race\race_actions.c">
      <Filter>src\race</Filter>
    </ClCompile>
    <ClCompile Include="..\src\game\race\race_cmds.c">
      <Filter>src\race</Filter>
    </ClCompile>
    <ClCompile Include="..\src\game\race\race_admin.c">
      <Filter>src\race</Filter>
    </ClCompile>
    <ClCompile Include="..\src\game\race\race_admin_admission.c">
      <Filter>src\race</Filter>
    </ClCompile>
    <ClCompile Include="..\src\game\race\race_admin_allowlist.c">
      <Filter>src\race</Filter>
    </ClCompile>
    <ClCompile Include="..\src\game\race\race_admin_actions.c">
      <Filter>src\race</Filter>
    </ClCompile>
    <ClCompile Include="..\src\game\race\race_admin_auth.c">
      <Filter>src\race</Filter>
    </ClCompile>
    <ClCompile Include="..\src\game\race\race_admin_password.c">
      <Filter>src\race</Filter>
    </ClCompile>
    <ClCompile Include="..\src\game\race\race_admin_service.c">
      <Filter>src\race</Filter>
    </ClCompile>
    <ClCompile Include="..\src\game\race\race_admin_store.c">
      <Filter>src\race</Filter>
    </ClCompile>
    <ClCompile Include="..\src\game\race\race_leaderboard.c">
      <Filter>src\race</Filter>
    </ClCompile>
    <ClCompile Include="..\src\game\race\race_leaderboard_wire.c">
      <Filter>src\race</Filter>
    </ClCompile>
    <ClCompile Include="..\src\game\race\race_logic.c">
      <Filter>src\race</Filter>
    </ClCompile>
    <ClCompile Include="..\src\game\race\race_finish_report.c">
      <Filter>src\race</Filter>
    </ClCompile>
    <ClCompile Include="..\src\game\race\race_map_browser_service.c">
      <Filter>src\race</Filter>
    </ClCompile>
    <ClCompile Include="..\src\game\race\race_map_browser_wire.c">
      <Filter>src\race</Filter>
    </ClCompile>
    <ClCompile Include="..\src\game\race\race_map_catalog.c">
      <Filter>src\race</Filter>
    </ClCompile>
    <ClCompile Include="..\src\game\race\race_map_properties.c">
      <Filter>src\race</Filter>
    </ClCompile>
    <ClCompile Include="..\src\game\race\race_map_state.c">
      <Filter>src\race</Filter>
    </ClCompile>
    <ClCompile Include="..\src\game\race\race_map_state_service.c">
      <Filter>src\race</Filter>
    </ClCompile>
    <ClCompile Include="..\src\game\race\race_map_state_store.c">
      <Filter>src\race</Filter>
    </ClCompile>
    <ClCompile Include="..\src\game\race\race_modes.c">
      <Filter>src\race</Filter>
    </ClCompile>
    <ClCompile Include="..\src\game\race\race_persistence.c">
      <Filter>src\race</Filter>
    </ClCompile>
    <ClCompile Include="..\src\game\race\race_physics.c">
      <Filter>src\race</Filter>
    </ClCompile>
    <ClCompile Include="..\src\game\race\race_hook.c">
      <Filter>src\race</Filter>
    </ClCompile>
    <ClCompile Include="..\src\game\race\race_physics_service.c">
      <Filter>src\race</Filter>
    </ClCompile>
    <ClCompile Include="..\src\game\race\race_pmove_policy.c">
      <Filter>src\race</Filter>
    </ClCompile>
    <ClCompile Include="..\src\game\race\race_weapon_movement.c">
      <Filter>src\race</Filter>
    </ClCompile>
    <ClCompile Include="..\src\game\race\race_weapon_tuning.c">
      <Filter>src\race</Filter>
    </ClCompile>
    <ClCompile Include="..\src\game\race\race_weapon_tuning_service.c">
      <Filter>src\race</Filter>
    </ClCompile>
    <ClCompile Include="..\src\game\race\race_weapon_tuning_wire.c">
      <Filter>src\race</Filter>
    </ClCompile>
    <ClCompile Include="..\src\game\race\race_publication.c">
      <Filter>src\race</Filter>
    </ClCompile>
    <ClCompile Include="..\src\game\race\race_profile.c">
      <Filter>src\race</Filter>
    </ClCompile>
    <ClCompile Include="..\src\game\race\race_profiles.c">
      <Filter>src\race</Filter>
    </ClCompile>
    <ClCompile Include="..\src\game\race\race_profile_auth.c">
      <Filter>src\race</Filter>
    </ClCompile>
    <ClCompile Include="..\src\game\race\race_connection_address.c">
      <Filter>src\race</Filter>
    </ClCompile>
    <ClCompile Include="..\src\game\race\race_replay_format.c">
      <Filter>src\race</Filter>
    </ClCompile>
    <ClCompile Include="..\src\game\race\race_replay_playback.c">
      <Filter>src\race</Filter>
    </ClCompile>
    <ClCompile Include="..\src\game\race\race_replay_playback_service.c">
      <Filter>src\race</Filter>
    </ClCompile>
    <ClCompile Include="..\src\game\race\race_replay_record.c">
      <Filter>src\race</Filter>
    </ClCompile>
    <ClCompile Include="..\src\game\race\race_replay_service.c">
      <Filter>src\race</Filter>
    </ClCompile>
    <ClCompile Include="..\src\game\race\race_replay_store.c">
      <Filter>src\race</Filter>
    </ClCompile>
    <ClCompile Include="..\src\game\race\race_replay_transport.c">
      <Filter>src\race</Filter>
    </ClCompile>
    <ClCompile Include="..\src\game\race\race_settings.c">
      <Filter>src\race</Filter>
    </ClCompile>
    <ClCompile Include="..\src\game\race\race_settings_service.c">
      <Filter>src\race</Filter>
    </ClCompile>
    <ClCompile Include="..\src\game\race\race_settings_store.c">
      <Filter>src\race</Filter>
    </ClCompile>
    <ClCompile Include="..\src\game\race\race_settings_wire.c">
      <Filter>src\race</Filter>
    </ClCompile>
    <ClCompile Include="..\src\game\race\race_trigger.c">
      <Filter>src\race</Filter>
    </ClCompile>
    <ClCompile Include="..\src\game\race\race_training_service.c">
      <Filter>src\race</Filter>
    </ClCompile>
    <ClCompile Include="..\src\game\race\race_vote.c">
      <Filter>src\race</Filter>
    </ClCompile>
    <ClCompile Include="..\src\game\race\race_vote_admission.c">
      <Filter>src\race</Filter>
    </ClCompile>
    <ClCompile Include="..\src\game\race\race_vote_menu.c">
      <Filter>src\race</Filter>
    </ClCompile>
    <ClCompile Include="..\src\game\race\race_vote_menu_service.c">
      <Filter>src\race</Filter>
    </ClCompile>
    <ClCompile Include="..\src\game\race\race_vote_service.c">
      <Filter>src\race</Filter>
    </ClCompile>
  </ItemGroup>
</Project>
